# THIS IS AN AUTOGENERATED FILE. DO NOT EDIT THIS FILE DIRECTLY.
# yarn lockfile v1


promise-resolve-deep@^1.1.1:
  version "1.1.1"
  resolved "https://registry.yarnpkg.com/promise-resolve-deep/-/promise-resolve-deep-1.1.1.tgz#fb5baf6f8eb2b5885cfc6506b550ee3119eb354e"
  integrity sha512-BPA8B0Wf55swXP13rhw+2QXohT9B0y/6k7GtRar3Io5ORENRVYUO629XNIylkjsxZoWhXiLQy1te8bLUtOXi5Q==

typescript@^4.5.1-rc:
  version "4.5.1-rc"
  resolved "https://registry.yarnpkg.com/typescript/-/typescript-4.5.1-rc.tgz#02155eaa0579d11babb2a55dcbd796948a994bb3"
  integrity sha512-tQBWW1DCFqweyhSzsAUSFgssJ3uuRBh0zyOkRV4CaFF2rMBkGU0I+MqPMch0qhGCUGXjOW7FgMrbQLS6PE3Z6Q==
